
Microsoft Visual Studio Solution File, Format Version 12.00
# Visual Studio Version 17
VisualStudioVersion = 17.9.34728.123
MinimumVisualStudioVersion = 10.0.40219.1
Project("{FAE04EC0-301F-11D3-BF4B-00C04F79EFBC}") = "ComercioComputadora", "ComercioComputadora\ComercioComputadora.csproj", "{E5B8277D-3F4C-4E88-A019-BC5E3643D528}"
EndProject
Global
	GlobalSection(SolutionConfigurationPlatforms) = preSolution
		Debug|Any CPU = Debug|Any CPU
		Release|Any CPU = Release|Any CPU
	EndGlobalSection
	GlobalSection(ProjectConfigurationPlatforms) = postSolution
		{E5B8277D-3F4C-4E88-A019-BC5E3643D528}.Debug|Any CPU.ActiveCfg = Debug|Any CPU
		{E5B8277D-3F4C-4E88-A019-BC5E3643D528}.Debug|Any CPU.Build.0 = Debug|Any CPU
		{E5B8277D-3F4C-4E88-A019-BC5E3643D528}.Release|Any CPU.ActiveCfg = Release|Any CPU
		{E5B8277D-3F4C-4E88-A019-BC5E3643D528}.Release|Any CPU.Build.0 = Release|Any CPU
	EndGlobalSection
	GlobalSection(SolutionProperties) = preSolution
		HideSolutionNode = FALSE
	EndGlobalSection
	GlobalSection(ExtensibilityGlobals) = postSolution
		SolutionGuid = {8972950E-E641-490A-A788-B91FF8013945}
	EndGlobalSection
EndGlobal
